
Microsoft Visual Studio Solution File, Format Version 12.00
# Visual Studio Version 17
VisualStudioVersion = 17.7.34202.233
MinimumVisualStudioVersion = 10.0.40219.1
Project("{FAE04EC0-301F-11D3-BF4B-00C04F79EFBC}") = "lab9", "hw11.11.23\lab9.csproj", "{C1556AA4-E52E-4C7F-9117-719411489F34}"
EndProject
Project("{FAE04EC0-301F-11D3-BF4B-00C04F79EFBC}") = "task", "task\task.csproj", "{8A47B0A1-3091-4466-B716-28FB14B00309}"
EndProject
Global
	GlobalSection(SolutionConfigurationPlatforms) = preSolution
		Debug|Any CPU = Debug|Any CPU
		Release|Any CPU = Release|Any CPU
	EndGlobalSection
	GlobalSection(ProjectConfigurationPlatforms) = postSolution
		{C1556AA4-E52E-4C7F-9117-719411489F34}.Debug|Any CPU.ActiveCfg = Debug|Any CPU
		{C1556AA4-E52E-4C7F-9117-719411489F34}.Debug|Any CPU.Build.0 = Debug|Any CPU
		{C1556AA4-E52E-4C7F-9117-719411489F34}.Release|Any CPU.ActiveCfg = Release|Any CPU
		{C1556AA4-E52E-4C7F-9117-719411489F34}.Release|Any CPU.Build.0 = Release|Any CPU
		{8A47B0A1-3091-4466-B716-28FB14B00309}.Debug|Any CPU.ActiveCfg = Debug|Any CPU
		{8A47B0A1-3091-4466-B716-28FB14B00309}.Debug|Any CPU.Build.0 = Debug|Any CPU
		{8A47B0A1-3091-4466-B716-28FB14B00309}.Release|Any CPU.ActiveCfg = Release|Any CPU
		{8A47B0A1-3091-4466-B716-28FB14B00309}.Release|Any CPU.Build.0 = Release|Any CPU
	EndGlobalSection
	GlobalSection(SolutionProperties) = preSolution
		HideSolutionNode = FALSE
	EndGlobalSection
	GlobalSection(ExtensibilityGlobals) = postSolution
		SolutionGuid = {CB36C725-2114-42A7-81A4-AA4D54DA8F97}
	EndGlobalSection
EndGlobal
